
Microsoft Visual Studio Solution File, Format Version 12.00
# Visual Studio 2013
VisualStudioVersion = 12.0.30501.0
MinimumVisualStudioVersion = 10.0.40219.1
Project("{FAE04EC0-301F-11D3-BF4B-00C04F79EFBC}") = "DotaUpcomingEventsTicker", "DotaUpcomingEventsTicker\DotaUpcomingEventsTicker.csproj", "{69EE050E-C2E5-4359-B434-9807B504200A}"
EndProject
Project("{6141683F-8A12-4E36-9623-2EB02B2C2303}") = "SetupProject", "SetupProject\SetupProject.isproj", "{EFCCC0AD-2A2A-42A6-AC60-532C3060E147}"
EndProject
Global
	GlobalSection(TeamFoundationVersionControl) = preSolution
		SccNumberOfProjects = 3
		SccEnterpriseProvider = {4CA58AB2-18FA-4F8D-95D4-32DDF27D184C}
		SccTeamFoundationServer = https://alexpeta.visualstudio.com/defaultcollection
		SccLocalPath0 = .
		SccProjectUniqueName1 = DotaUpcomingEventsTicker\\DotaUpcomingEventsTicker.csproj
		SccProjectName1 = DotaUpcomingEventsTicker
		SccLocalPath1 = DotaUpcomingEventsTicker
		SccProjectUniqueName2 = SetupProject\\SetupProject.isproj
		SccProjectName2 = SetupProject
		SccLocalPath2 = SetupProject
	EndGlobalSection
	GlobalSection(SolutionConfigurationPlatforms) = preSolution
		CD_ROM|Any CPU = CD_ROM|Any CPU
		Debug|Any CPU = Debug|Any CPU
		DVD-5|Any CPU = DVD-5|Any CPU
		Release|Any CPU = Release|Any CPU
		SingleImage|Any CPU = SingleImage|Any CPU
	EndGlobalSection
	GlobalSection(ProjectConfigurationPlatforms) = postSolution
		{69EE050E-C2E5-4359-B434-9807B504200A}.CD_ROM|Any CPU.ActiveCfg = Release|Any CPU
		{69EE050E-C2E5-4359-B434-9807B504200A}.CD_ROM|Any CPU.Build.0 = Release|Any CPU
		{69EE050E-C2E5-4359-B434-9807B504200A}.Debug|Any CPU.ActiveCfg = Debug|Any CPU
		{69EE050E-C2E5-4359-B434-9807B504200A}.Debug|Any CPU.Build.0 = Debug|Any CPU
		{69EE050E-C2E5-4359-B434-9807B504200A}.DVD-5|Any CPU.ActiveCfg = Debug|Any CPU
		{69EE050E-C2E5-4359-B434-9807B504200A}.DVD-5|Any CPU.Build.0 = Debug|Any CPU
		{69EE050E-C2E5-4359-B434-9807B504200A}.Release|Any CPU.ActiveCfg = Release|Any CPU
		{69EE050E-C2E5-4359-B434-9807B504200A}.Release|Any CPU.Build.0 = Release|Any CPU
		{69EE050E-C2E5-4359-B434-9807B504200A}.SingleImage|Any CPU.ActiveCfg = Release|Any CPU
		{69EE050E-C2E5-4359-B434-9807B504200A}.SingleImage|Any CPU.Build.0 = Release|Any CPU
		{EFCCC0AD-2A2A-42A6-AC60-532C3060E147}.CD_ROM|Any CPU.ActiveCfg = CD_ROM
		{EFCCC0AD-2A2A-42A6-AC60-532C3060E147}.CD_ROM|Any CPU.Build.0 = CD_ROM
		{EFCCC0AD-2A2A-42A6-AC60-532C3060E147}.Debug|Any CPU.ActiveCfg = DVD-5
		{EFCCC0AD-2A2A-42A6-AC60-532C3060E147}.Debug|Any CPU.Build.0 = DVD-5
		{EFCCC0AD-2A2A-42A6-AC60-532C3060E147}.DVD-5|Any CPU.ActiveCfg = DVD-5
		{EFCCC0AD-2A2A-42A6-AC60-532C3060E147}.DVD-5|Any CPU.Build.0 = DVD-5
		{EFCCC0AD-2A2A-42A6-AC60-532C3060E147}.Release|Any CPU.ActiveCfg = SingleImage
		{EFCCC0AD-2A2A-42A6-AC60-532C3060E147}.Release|Any CPU.Build.0 = SingleImage
		{EFCCC0AD-2A2A-42A6-AC60-532C3060E147}.SingleImage|Any CPU.ActiveCfg = SingleImage
		{EFCCC0AD-2A2A-42A6-AC60-532C3060E147}.SingleImage|Any CPU.Build.0 = SingleImage
	EndGlobalSection
	GlobalSection(SolutionProperties) = preSolution
		HideSolutionNode = FALSE
	EndGlobalSection
EndGlobal
